
Microsoft Visual Studio Solution File, Format Version 12.00
# Visual Studio Version 17
VisualStudioVersion = 17.9.34622.214
MinimumVisualStudioVersion = 10.0.40219.1
Project("{FAE04EC0-301F-11D3-BF4B-00C04F79EFBC}") = "Lekce1_Opakovani", "Lekce1_Opakovani\Lekce1_Opakovani.csproj", "{DD371D28-F5CE-40D4-80E0-4000065FD9A5}"
EndProject
Global
	GlobalSection(SolutionConfigurationPlatforms) = preSolution
		Debug|Any CPU = Debug|Any CPU
		Release|Any CPU = Release|Any CPU
	EndGlobalSection
	GlobalSection(ProjectConfigurationPlatforms) = postSolution
		{DD371D28-F5CE-40D4-80E0-4000065FD9A5}.Debug|Any CPU.ActiveCfg = Debug|Any CPU
		{DD371D28-F5CE-40D4-80E0-4000065FD9A5}.Debug|Any CPU.Build.0 = Debug|Any CPU
		{DD371D28-F5CE-40D4-80E0-4000065FD9A5}.Release|Any CPU.ActiveCfg = Release|Any CPU
		{DD371D28-F5CE-40D4-80E0-4000065FD9A5}.Release|Any CPU.Build.0 = Release|Any CPU
	EndGlobalSection
	GlobalSection(SolutionProperties) = preSolution
		HideSolutionNode = FALSE
	EndGlobalSection
	GlobalSection(ExtensibilityGlobals) = postSolution
		SolutionGuid = {2807DB82-CB55-44BB-B144-7456E841687D}
	EndGlobalSection
EndGlobal
